PODS:
  - Flutter (1.0.0)
  - flutter_idle_detector (0.0.1):
    - Flutter

DEPENDENCIES:
  - Flutter (from `Flutter`)
  - flutter_idle_detector (from `.symlinks/plugins/flutter_idle_detector/ios`)

EXTERNAL SOURCES:
  Flutter:
    :path: Flutter
  flutter_idle_detector:
    :path: ".symlinks/plugins/flutter_idle_detector/ios"

SPEC CHECKSUMS:
  Flutter: e0871f40cf51350855a761d2e70bf5af5b9b5de7
  flutter_idle_detector: 87cadb532d294b879bb64220e671084b8ea6ffa4

PODFILE CHECKSUM: 4305caec6b40dde0ae97be1573c53de1882a07e5

COCOAPODS: 1.16.2
